
Microsoft Visual Studio Solution File, Format Version 12.00
# Visual Studio Version 17
VisualStudioVersion = 17.0.32112.339
MinimumVisualStudioVersion = 10.0.40219.1
Project("{9A19103F-16F7-4668-BE54-9A1E7A4F7556}") = "RobinTTY.PersonalFinanceDashboard.DataImport", "RobinTTY.PersonalFinanceDashboard.DataImport\RobinTTY.PersonalFinanceDashboard.DataImport.csproj", "{C4DD4397-0A1C-41EE-BFD6-ACD97179EA07}"
EndProject
Project("{9A19103F-16F7-4668-BE54-9A1E7A4F7556}") = "RobinTTY.PersonalFinanceDashboard.API", "RobinTTY.PersonalFinanceDashboard.API\RobinTTY.PersonalFinanceDashboard.API.csproj", "{074309B6-9F66-4923-A038-5B332DF9E494}"
EndProject
Project("{9A19103F-16F7-4668-BE54-9A1E7A4F7556}") = "RobinTTY.PersonalFinanceDashboard.Database", "RobinTTY.PersonalFinanceDashboard.Database\RobinTTY.PersonalFinanceDashboard.Database.csproj", "{12FC85AC-CBF7-4C70-A0FC-687E69429BA4}"
EndProject
Project("{2150E333-8FDC-42A3-9474-1A3956D46DE8}") = "Solution Items", "Solution Items", "{4E91B20B-2D3A-436B-9D73-7B3C3413FC30}"
	ProjectSection(SolutionItems) = preProject
		.editorconfig = .editorconfig
	EndProjectSection
EndProject
Project("{9A19103F-16F7-4668-BE54-9A1E7A4F7556}") = "RobinTTY.PersonalFinanceDashboard.Core", "RobinTTY.PersonalFinanceDashboard.Core\RobinTTY.PersonalFinanceDashboard.Core.csproj", "{283FB4A0-C918-4527-9DD7-462E08A809DA}"
EndProject
Global
	GlobalSection(SolutionConfigurationPlatforms) = preSolution
		Debug|Any CPU = Debug|Any CPU
		Release|Any CPU = Release|Any CPU
	EndGlobalSection
	GlobalSection(ProjectConfigurationPlatforms) = postSolution
		{C4DD4397-0A1C-41EE-BFD6-ACD97179EA07}.Debug|Any CPU.ActiveCfg = Debug|Any CPU
		{C4DD4397-0A1C-41EE-BFD6-ACD97179EA07}.Debug|Any CPU.Build.0 = Debug|Any CPU
		{C4DD4397-0A1C-41EE-BFD6-ACD97179EA07}.Release|Any CPU.ActiveCfg = Release|Any CPU
		{C4DD4397-0A1C-41EE-BFD6-ACD97179EA07}.Release|Any CPU.Build.0 = Release|Any CPU
		{074309B6-9F66-4923-A038-5B332DF9E494}.Debug|Any CPU.ActiveCfg = Debug|Any CPU
		{074309B6-9F66-4923-A038-5B332DF9E494}.Debug|Any CPU.Build.0 = Debug|Any CPU
		{074309B6-9F66-4923-A038-5B332DF9E494}.Release|Any CPU.ActiveCfg = Release|Any CPU
		{074309B6-9F66-4923-A038-5B332DF9E494}.Release|Any CPU.Build.0 = Release|Any CPU
		{12FC85AC-CBF7-4C70-A0FC-687E69429BA4}.Debug|Any CPU.ActiveCfg = Debug|Any CPU
		{12FC85AC-CBF7-4C70-A0FC-687E69429BA4}.Debug|Any CPU.Build.0 = Debug|Any CPU
		{12FC85AC-CBF7-4C70-A0FC-687E69429BA4}.Release|Any CPU.ActiveCfg = Release|Any CPU
		{12FC85AC-CBF7-4C70-A0FC-687E69429BA4}.Release|Any CPU.Build.0 = Release|Any CPU
		{283FB4A0-C918-4527-9DD7-462E08A809DA}.Debug|Any CPU.ActiveCfg = Debug|Any CPU
		{283FB4A0-C918-4527-9DD7-462E08A809DA}.Debug|Any CPU.Build.0 = Debug|Any CPU
		{283FB4A0-C918-4527-9DD7-462E08A809DA}.Release|Any CPU.ActiveCfg = Release|Any CPU
		{283FB4A0-C918-4527-9DD7-462E08A809DA}.Release|Any CPU.Build.0 = Release|Any CPU
	EndGlobalSection
	GlobalSection(SolutionProperties) = preSolution
		HideSolutionNode = FALSE
	EndGlobalSection
	GlobalSection(ExtensibilityGlobals) = postSolution
		SolutionGuid = {F945275C-3897-41DA-9F4B-81B38F455B0C}
	EndGlobalSection
EndGlobal
